
Microsoft Visual Studio Solution File, Format Version 12.00
# Visual Studio Version 17
VisualStudioVersion = 17.3.32825.248
MinimumVisualStudioVersion = 10.0.40219.1
Project("{FAE04EC0-301F-11D3-BF4B-00C04F79EFBC}") = "TaskManager", "TaskManager.csproj", "{F6BEFC9D-1B24-48B2-A40A-3B906E208DD7}"
EndProject
Global
	GlobalSection(SolutionConfigurationPlatforms) = preSolution
		Debug|Any CPU = Debug|Any CPU
		Release|Any CPU = Release|Any CPU
	EndGlobalSection
	GlobalSection(ProjectConfigurationPlatforms) = postSolution
		{F6BEFC9D-1B24-48B2-A40A-3B906E208DD7}.Debug|Any CPU.ActiveCfg = Debug|Any CPU
		{F6BEFC9D-1B24-48B2-A40A-3B906E208DD7}.Debug|Any CPU.Build.0 = Debug|Any CPU
		{F6BEFC9D-1B24-48B2-A40A-3B906E208DD7}.Release|Any CPU.ActiveCfg = Release|Any CPU
		{F6BEFC9D-1B24-48B2-A40A-3B906E208DD7}.Release|Any CPU.Build.0 = Release|Any CPU
	EndGlobalSection
	GlobalSection(SolutionProperties) = preSolution
		HideSolutionNode = FALSE
	EndGlobalSection
	GlobalSection(ExtensibilityGlobals) = postSolution
		SolutionGuid = {73E77F48-51B4-4F5E-87FA-D5B0FDF14D0A}
	EndGlobalSection
EndGlobal
